# This file was autogenerated by Stack.
# You should not edit this file by hand.
# For more information, please see the documentation at:
#   https://docs.haskellstack.org/en/stable/lock_files

packages:
- completed:
    hackage: vectortiles-1.4.0@sha256:07b9bd22f4d1e07d00068650982d54324f55385e9721fcad49f1d3cd5c8593da,3846
    pantry-tree:
      size: 1623
      sha256: c8fddeda11ad8e8188d8e94c5b3da1626774cc9eb0aa046b033da9cf127dc6ca
  original:
    hackage: vectortiles-1.4.0
- completed:
    hackage: protocol-buffers-2.4.11@sha256:a76233912cdb863f4746f4c64f452a7990e36c5b7b3c21ccbdfdf2cdf1a26171,2456
    pantry-tree:
      size: 984
      sha256: 05aaf7d417c17e370596ade73dc1df33f9323b61ae356955a6da81edb596dfaf
  original:
    hackage: protocol-buffers-2.4.11
- completed:
    hackage: protocol-buffers-descriptor-2.4.11@sha256:91591bf9973d4d51aa573c941d3186a10a679ba89bb5bcf21f53da2c9b75b7da,3224
    pantry-tree:
      size: 3279
      sha256: a68d9c681d21d1acf5f6ed132544a0e3ae063d2553bba351b99635c780a2bdf7
  original:
    hackage: protocol-buffers-descriptor-2.4.11
- completed:
    cabal-file:
      size: 3623
      sha256: 2e611efe14316fb9febf3e4eb33696dd3fea0bfd75bc12046b7f67cbab06b876
    name: text-icu
    version: 0.55.1.0
    git: https://github.com/ondrap/text-icu.git
    pantry-tree:
      size: 2664
      sha256: 2722af62b98070f1427e2aabfcfc1a11a1dc0353dba4d214665314ee705ea01b
    commit: 2efdcf16d3ac0a11e1c7dc80f953a40fc5ae8f56
  original:
    git: https://github.com/ondrap/text-icu.git
    commit: 2efdcf16d3ac0a11e1c7dc80f953a40fc5ae8f56
snapshots:
- completed:
    size: 498155
    url: https://raw.githubusercontent.com/commercialhaskell/stackage-snapshots/master/lts/13/19.yaml
    sha256: b9367a80d4393d02e58a46b8a9fdfbd7bc19f59c0c2bbf90034ba15cf52cf213
  original: lts-13.19
